
Microsoft Visual Studio Solution File, Format Version 12.00
# Visual Studio Version 17
VisualStudioVersion = 17.0.32014.148
MinimumVisualStudioVersion = 10.0.40219.1
Project("{FAE04EC0-301F-11D3-BF4B-00C04F79EFBC}") = "Assignement6.1", "Assignement6.1\Assignement6.1.csproj", "{4A0572C0-475C-4DB3-969D-90F3C67EA161}"
EndProject
Project("{FAE04EC0-301F-11D3-BF4B-00C04F79EFBC}") = "Assignement6.2", "Assignement6.2\Assignement6.2.csproj", "{19894422-9037-49CB-A962-F6783DA0DED1}"
EndProject
Project("{FAE04EC0-301F-11D3-BF4B-00C04F79EFBC}") = "Assignement6.3", "Assignement6.3\Assignement6.3.csproj", "{C1382F9B-7940-41E1-9EC0-5520F57D1DD9}"
EndProject
Project("{FAE04EC0-301F-11D3-BF4B-00C04F79EFBC}") = "Assignement6.4", "Assignement6.4\Assignement6.4.csproj", "{826980FD-C0E6-4AD3-819F-5347D2B0529D}"
EndProject
Project("{FAE04EC0-301F-11D3-BF4B-00C04F79EFBC}") = "Assignement6.5", "Assignement6.5\Assignement6.5.csproj", "{F9D3A12E-5032-43D6-A941-D9F1C369BDEC}"
EndProject
Project("{FAE04EC0-301F-11D3-BF4B-00C04F79EFBC}") = "Assignement6.6", "Assignement6.6\Assignement6.6.csproj", "{BF72B947-5D5B-4259-B696-3A72D13C4C08}"
EndProject
Project("{FAE04EC0-301F-11D3-BF4B-00C04F79EFBC}") = "Assignement6.7", "Assignement6.7\Assignement6.7.csproj", "{4A823D0E-29C5-45CF-A03B-1FC95658568F}"
EndProject
Global
	GlobalSection(SolutionConfigurationPlatforms) = preSolution
		Debug|Any CPU = Debug|Any CPU
		Release|Any CPU = Release|Any CPU
	EndGlobalSection
	GlobalSection(ProjectConfigurationPlatforms) = postSolution
		{4A0572C0-475C-4DB3-969D-90F3C67EA161}.Debug|Any CPU.ActiveCfg = Debug|Any CPU
		{4A0572C0-475C-4DB3-969D-90F3C67EA161}.Debug|Any CPU.Build.0 = Debug|Any CPU
		{4A0572C0-475C-4DB3-969D-90F3C67EA161}.Release|Any CPU.ActiveCfg = Release|Any CPU
		{4A0572C0-475C-4DB3-969D-90F3C67EA161}.Release|Any CPU.Build.0 = Release|Any CPU
		{19894422-9037-49CB-A962-F6783DA0DED1}.Debug|Any CPU.ActiveCfg = Debug|Any CPU
		{19894422-9037-49CB-A962-F6783DA0DED1}.Debug|Any CPU.Build.0 = Debug|Any CPU
		{19894422-9037-49CB-A962-F6783DA0DED1}.Release|Any CPU.ActiveCfg = Release|Any CPU
		{19894422-9037-49CB-A962-F6783DA0DED1}.Release|Any CPU.Build.0 = Release|Any CPU
		{C1382F9B-7940-41E1-9EC0-5520F57D1DD9}.Debug|Any CPU.ActiveCfg = Debug|Any CPU
		{C1382F9B-7940-41E1-9EC0-5520F57D1DD9}.Debug|Any CPU.Build.0 = Debug|Any CPU
		{C1382F9B-7940-41E1-9EC0-5520F57D1DD9}.Release|Any CPU.ActiveCfg = Release|Any CPU
		{C1382F9B-7940-41E1-9EC0-5520F57D1DD9}.Release|Any CPU.Build.0 = Release|Any CPU
		{826980FD-C0E6-4AD3-819F-5347D2B0529D}.Debug|Any CPU.ActiveCfg = Debug|Any CPU
		{826980FD-C0E6-4AD3-819F-5347D2B0529D}.Debug|Any CPU.Build.0 = Debug|Any CPU
		{826980FD-C0E6-4AD3-819F-5347D2B0529D}.Release|Any CPU.ActiveCfg = Release|Any CPU
		{826980FD-C0E6-4AD3-819F-5347D2B0529D}.Release|Any CPU.Build.0 = Release|Any CPU
		{F9D3A12E-5032-43D6-A941-D9F1C369BDEC}.Debug|Any CPU.ActiveCfg = Debug|Any CPU
		{F9D3A12E-5032-43D6-A941-D9F1C369BDEC}.Debug|Any CPU.Build.0 = Debug|Any CPU
		{F9D3A12E-5032-43D6-A941-D9F1C369BDEC}.Release|Any CPU.ActiveCfg = Release|Any CPU
		{F9D3A12E-5032-43D6-A941-D9F1C369BDEC}.Release|Any CPU.Build.0 = Release|Any CPU
		{BF72B947-5D5B-4259-B696-3A72D13C4C08}.Debug|Any CPU.ActiveCfg = Debug|Any CPU
		{BF72B947-5D5B-4259-B696-3A72D13C4C08}.Debug|Any CPU.Build.0 = Debug|Any CPU
		{BF72B947-5D5B-4259-B696-3A72D13C4C08}.Release|Any CPU.ActiveCfg = Release|Any CPU
		{BF72B947-5D5B-4259-B696-3A72D13C4C08}.Release|Any CPU.Build.0 = Release|Any CPU
		{4A823D0E-29C5-45CF-A03B-1FC95658568F}.Debug|Any CPU.ActiveCfg = Debug|Any CPU
		{4A823D0E-29C5-45CF-A03B-1FC95658568F}.Debug|Any CPU.Build.0 = Debug|Any CPU
		{4A823D0E-29C5-45CF-A03B-1FC95658568F}.Release|Any CPU.ActiveCfg = Release|Any CPU
		{4A823D0E-29C5-45CF-A03B-1FC95658568F}.Release|Any CPU.Build.0 = Release|Any CPU
	EndGlobalSection
	GlobalSection(SolutionProperties) = preSolution
		HideSolutionNode = FALSE
	EndGlobalSection
	GlobalSection(ExtensibilityGlobals) = postSolution
		SolutionGuid = {365EBE23-A36F-451C-AB3A-C181513664CA}
	EndGlobalSection
EndGlobal
